
Microsoft Visual Studio Solution File, Format Version 12.00
# Visual Studio 2012
Project("{FAE04EC0-301F-11D3-BF4B-00C04F79EFBC}") = "CSharpCarClient", "CSharpCarClient\CSharpCarClient.csproj", "{831C0510-6D57-43EE-844A-4F7BB788EC20}"
EndProject
Global
	GlobalSection(SolutionConfigurationPlatforms) = preSolution
		Debug|Any CPU = Debug|Any CPU
		Release|Any CPU = Release|Any CPU
	EndGlobalSection
	GlobalSection(ProjectConfigurationPlatforms) = postSolution
		{831C0510-6D57-43EE-844A-4F7BB788EC20}.Debug|Any CPU.ActiveCfg = Debug|Any CPU
		{831C0510-6D57-43EE-844A-4F7BB788EC20}.Debug|Any CPU.Build.0 = Debug|Any CPU
		{831C0510-6D57-43EE-844A-4F7BB788EC20}.Release|Any CPU.ActiveCfg = Release|Any CPU
		{831C0510-6D57-43EE-844A-4F7BB788EC20}.Release|Any CPU.Build.0 = Release|Any CPU
	EndGlobalSection
	GlobalSection(SolutionProperties) = preSolution
		HideSolutionNode = FALSE
	EndGlobalSection
EndGlobal
